
Microsoft Visual Studio Solution File, Format Version 12.00
# Visual Studio Version 16
VisualStudioVersion = 16.0.30114.105
MinimumVisualStudioVersion = 10.0.40219.1
Project("{2150E333-8FDC-42A3-9474-1A3956D46DE8}") = "applications", "applications", "{27207A57-06F2-476C-AE97-67AE640A517E}"
EndProject
Project("{FAE04EC0-301F-11D3-BF4B-00C04F79EFBC}") = "Atomic.Identity.Api", "applications\Atomic.Identity.Api\Atomic.Identity.Api.csproj", "{6151EB7E-8A8C-4088-B0F5-16EAFCE70044}"
EndProject
Project("{2150E333-8FDC-42A3-9474-1A3956D46DE8}") = "infrastructures", "infrastructures", "{A144D2CC-1CE4-4827-A50D-350FAC6B6D43}"
EndProject
Project("{FAE04EC0-301F-11D3-BF4B-00C04F79EFBC}") = "Atomic.Dotnet", "infrastructures\Atomic.Dotnet\Atomic.Dotnet.csproj", "{DFCFFAD6-2540-4AEE-843A-2FD790F4DB4D}"
EndProject
Project("{2150E333-8FDC-42A3-9474-1A3956D46DE8}") = "contracts", "contracts", "{5DBD17A9-B246-4C40-89C2-2E15680C71D2}"
EndProject
Project("{FAE04EC0-301F-11D3-BF4B-00C04F79EFBC}") = "Atomic.Dotnet.Contract", "contracts\Atomic.Dotnet.Contract\Atomic.Dotnet.Contract.csproj", "{5DD7879B-DBE6-4DE1-B66F-FDD3C72F8701}"
EndProject
Project("{FAE04EC0-301F-11D3-BF4B-00C04F79EFBC}") = "Atomic.UnifiedAuth.Web", "applications\Atomic.UnifiedAuth.Web\Atomic.UnifiedAuth.Web.csproj", "{E94FAA81-CA50-4CF1-92F9-1FD9253A9B7C}"
EndProject
Global
	GlobalSection(SolutionConfigurationPlatforms) = preSolution
		Debug|Any CPU = Debug|Any CPU
		Release|Any CPU = Release|Any CPU
	EndGlobalSection
	GlobalSection(SolutionProperties) = preSolution
		HideSolutionNode = FALSE
	EndGlobalSection
	GlobalSection(NestedProjects) = preSolution
		{6151EB7E-8A8C-4088-B0F5-16EAFCE70044} = {27207A57-06F2-476C-AE97-67AE640A517E}
		{DFCFFAD6-2540-4AEE-843A-2FD790F4DB4D} = {A144D2CC-1CE4-4827-A50D-350FAC6B6D43}
		{5DD7879B-DBE6-4DE1-B66F-FDD3C72F8701} = {5DBD17A9-B246-4C40-89C2-2E15680C71D2}
		{E94FAA81-CA50-4CF1-92F9-1FD9253A9B7C} = {27207A57-06F2-476C-AE97-67AE640A517E}
	EndGlobalSection
	GlobalSection(ProjectConfigurationPlatforms) = postSolution
		{6151EB7E-8A8C-4088-B0F5-16EAFCE70044}.Debug|Any CPU.ActiveCfg = Debug|Any CPU
		{6151EB7E-8A8C-4088-B0F5-16EAFCE70044}.Debug|Any CPU.Build.0 = Debug|Any CPU
		{6151EB7E-8A8C-4088-B0F5-16EAFCE70044}.Release|Any CPU.ActiveCfg = Release|Any CPU
		{6151EB7E-8A8C-4088-B0F5-16EAFCE70044}.Release|Any CPU.Build.0 = Release|Any CPU
		{DFCFFAD6-2540-4AEE-843A-2FD790F4DB4D}.Debug|Any CPU.ActiveCfg = Debug|Any CPU
		{DFCFFAD6-2540-4AEE-843A-2FD790F4DB4D}.Debug|Any CPU.Build.0 = Debug|Any CPU
		{DFCFFAD6-2540-4AEE-843A-2FD790F4DB4D}.Release|Any CPU.ActiveCfg = Release|Any CPU
		{DFCFFAD6-2540-4AEE-843A-2FD790F4DB4D}.Release|Any CPU.Build.0 = Release|Any CPU
		{5DD7879B-DBE6-4DE1-B66F-FDD3C72F8701}.Debug|Any CPU.ActiveCfg = Debug|Any CPU
		{5DD7879B-DBE6-4DE1-B66F-FDD3C72F8701}.Debug|Any CPU.Build.0 = Debug|Any CPU
		{5DD7879B-DBE6-4DE1-B66F-FDD3C72F8701}.Release|Any CPU.ActiveCfg = Release|Any CPU
		{5DD7879B-DBE6-4DE1-B66F-FDD3C72F8701}.Release|Any CPU.Build.0 = Release|Any CPU
		{E94FAA81-CA50-4CF1-92F9-1FD9253A9B7C}.Debug|Any CPU.ActiveCfg = Debug|Any CPU
		{E94FAA81-CA50-4CF1-92F9-1FD9253A9B7C}.Debug|Any CPU.Build.0 = Debug|Any CPU
		{E94FAA81-CA50-4CF1-92F9-1FD9253A9B7C}.Release|Any CPU.ActiveCfg = Release|Any CPU
		{E94FAA81-CA50-4CF1-92F9-1FD9253A9B7C}.Release|Any CPU.Build.0 = Release|Any CPU
	EndGlobalSection
EndGlobal
