
Microsoft Visual Studio Solution File, Format Version 12.00
# Visual Studio Version 16
VisualStudioVersion = 16.0.30114.105
MinimumVisualStudioVersion = 10.0.40219.1
Project("{2150E333-8FDC-42A3-9474-1A3956D46DE8}") = "applications", "applications", "{27207A57-06F2-476C-AE97-67AE640A517E}"
EndProject
Project("{FAE04EC0-301F-11D3-BF4B-00C04F79EFBC}") = "Atomic.Identity.Api", "applications\Atomic.Identity.Api\Atomic.Identity.Api.csproj", "{6151EB7E-8A8C-4088-B0F5-16EAFCE70044}"
EndProject
Global
	GlobalSection(SolutionConfigurationPlatforms) = preSolution
		Debug|Any CPU = Debug|Any CPU
		Release|Any CPU = Release|Any CPU
	EndGlobalSection
	GlobalSection(SolutionProperties) = preSolution
		HideSolutionNode = FALSE
	EndGlobalSection
	GlobalSection(NestedProjects) = preSolution
		{6151EB7E-8A8C-4088-B0F5-16EAFCE70044} = {27207A57-06F2-476C-AE97-67AE640A517E}
	EndGlobalSection
	GlobalSection(ProjectConfigurationPlatforms) = postSolution
		{6151EB7E-8A8C-4088-B0F5-16EAFCE70044}.Debug|Any CPU.ActiveCfg = Debug|Any CPU
		{6151EB7E-8A8C-4088-B0F5-16EAFCE70044}.Debug|Any CPU.Build.0 = Debug|Any CPU
		{6151EB7E-8A8C-4088-B0F5-16EAFCE70044}.Release|Any CPU.ActiveCfg = Release|Any CPU
		{6151EB7E-8A8C-4088-B0F5-16EAFCE70044}.Release|Any CPU.Build.0 = Release|Any CPU
	EndGlobalSection
EndGlobal
